// !$*UTF8*$!
{
	archiveVersion = 1;
	classes = {
	};
	objectVersion = 46;
	objects = {

/* Begin PBXBuildFile section */
		3A349AD518C2657E007759CE /* MovieData.m in Sources */ = {isa = PBXBuildFile; fileRef = 3A349AD418C2657E007759CE /* MovieData.m */; };
		3A349AD818C28278007759CE /* SuggestionViewController.m in Sources */ = {isa = PBXBuildFile; fileRef = 3A349AD718C28278007759CE /* SuggestionViewController.m */; };
		3A49ABBA18C3E444004B0068 /* home-32.png in Resources */ = {isa = PBXBuildFile; fileRef = 3A49ABB918C3E444004B0068 /* home-32.png */; };
		3A49ABBE18C3E4C3004B0068 /* barcode-32.png in Resources */ = {isa = PBXBuildFile; fileRef = 3A49ABBD18C3E4C3004B0068 /* barcode-32.png */; };
		3A49ABC418C3E622004B0068 /* list_ingredients-32.png in Resources */ = {isa = PBXBuildFile; fileRef = 3A49ABC318C3E622004B0068 /* list_ingredients-32.png */; };
		3A49ABC618C3E632004B0068 /* grid-26.png in Resources */ = {isa = PBXBuildFile; fileRef = 3A49ABC518C3E632004B0068 /* grid-26.png */; };
		3A49ABCE18C3E7E2004B0068 /* slot_machine-32.png in Resources */ = {isa = PBXBuildFile; fileRef = 3A49ABCD18C3E7E2004B0068 /* slot_machine-32.png */; };
		3A49ABD018C3ECB6004B0068 /* list-26.png in Resources */ = {isa = PBXBuildFile; fileRef = 3A49ABCF18C3ECB6004B0068 /* list-26.png */; };
		3A49ABD318C3FE86004B0068 /* DetailViewController.m in Sources */ = {isa = PBXBuildFile; fileRef = 3A49ABD218C3FE86004B0068 /* DetailViewController.m */; };
		3A6E831018BEBD0100F7210C /* Foundation.framework in Frameworks */ = {isa = PBXBuildFile; fileRef = 3A6E830F18BEBD0100F7210C /* Foundation.framework */; };
		3A6E831218BEBD0100F7210C /* CoreGraphics.framework in Frameworks */ = {isa = PBXBuildFile; fileRef = 3A6E831118BEBD0100F7210C /* CoreGraphics.framework */; };
		3A6E831418BEBD0100F7210C /* UIKit.framework in Frameworks */ = {isa = PBXBuildFile; fileRef = 3A6E831318BEBD0100F7210C /* UIKit.framework */; };
		3A6E831A18BEBD0100F7210C /* InfoPlist.strings in Resources */ = {isa = PBXBuildFile; fileRef = 3A6E831818BEBD0100F7210C /* InfoPlist.strings */; };
		3A6E831C18BEBD0100F7210C /* main.m in Sources */ = {isa = PBXBuildFile; fileRef = 3A6E831B18BEBD0100F7210C /* main.m */; };
		3A6E832018BEBD0100F7210C /* AppDelegate.m in Sources */ = {isa = PBXBuildFile; fileRef = 3A6E831F18BEBD0100F7210C /* AppDelegate.m */; };
		3A6E832318BEBD0100F7210C /* Main.storyboard in Resources */ = {isa = PBXBuildFile; fileRef = 3A6E832118BEBD0100F7210C /* Main.storyboard */; };
		3A6E832818BEBD0100F7210C /* Images.xcassets in Resources */ = {isa = PBXBuildFile; fileRef = 3A6E832718BEBD0100F7210C /* Images.xcassets */; };
		3A6E832F18BEBD0100F7210C /* XCTest.framework in Frameworks */ = {isa = PBXBuildFile; fileRef = 3A6E832E18BEBD0100F7210C /* XCTest.framework */; };
		3A6E833018BEBD0100F7210C /* Foundation.framework in Frameworks */ = {isa = PBXBuildFile; fileRef = 3A6E830F18BEBD0100F7210C /* Foundation.framework */; };
		3A6E833118BEBD0100F7210C /* UIKit.framework in Frameworks */ = {isa = PBXBuildFile; fileRef = 3A6E831318BEBD0100F7210C /* UIKit.framework */; };
		3A6E833918BEBD0100F7210C /* InfoPlist.strings in Resources */ = {isa = PBXBuildFile; fileRef = 3A6E833718BEBD0100F7210C /* InfoPlist.strings */; };
		3A6E833B18BEBD0100F7210C /* DVDLibraryTests.m in Sources */ = {isa = PBXBuildFile; fileRef = 3A6E833A18BEBD0100F7210C /* DVDLibraryTests.m */; };
		3A8597F518C3A4EC000A918E /* MovieCollectionViewController.m in Sources */ = {isa = PBXBuildFile; fileRef = 3A8597F418C3A4EC000A918E /* MovieCollectionViewController.m */; };
		3A92B81918C306FC00F20F41 /* LibraryViewController.m in Sources */ = {isa = PBXBuildFile; fileRef = 3A92B81818C306FC00F20F41 /* LibraryViewController.m */; };
		3ABBC8CE18C023BA005EFF0E /* MovieTableViewCell.m in Sources */ = {isa = PBXBuildFile; fileRef = 3ABBC8CD18C023BA005EFF0E /* MovieTableViewCell.m */; };
		3AEDE90D18C2C174001C235C /* MovieTableViewController.m in Sources */ = {isa = PBXBuildFile; fileRef = 3AEDE90C18C2C174001C235C /* MovieTableViewController.m */; };
		85EDCAD918C6CBA7006133FD /* SearchViewController.m in Sources */ = {isa = PBXBuildFile; fileRef = 85EDCAD818C6CBA7006133FD /* SearchViewController.m */; };
		85EDCADD18C6D06D006133FD /* Settings.bundle in Resources */ = {isa = PBXBuildFile; fileRef = 85EDCADC18C6D06D006133FD /* Settings.bundle */; };
		85EDCAE518C6DD2E006133FD /* movieIcon-58x58.png in Resources */ = {isa = PBXBuildFile; fileRef = 85EDCAE218C6DD2E006133FD /* movieIcon-58x58.png */; };
		85EDCAE618C6DD2E006133FD /* movieIcon-80x80.png in Resources */ = {isa = PBXBuildFile; fileRef = 85EDCAE318C6DD2E006133FD /* movieIcon-80x80.png */; };
		85EDCAE718C6DD2E006133FD /* movieIcon.png in Resources */ = {isa = PBXBuildFile; fileRef = 85EDCAE418C6DD2E006133FD /* movieIcon.png */; };
		85EDCAE918C6DD92006133FD /* movieMontage.png in Resources */ = {isa = PBXBuildFile; fileRef = 85EDCAE818C6DD92006133FD /* movieMontage.png */; };
		85EDCAED18C6DED7006133FD /* movieMontage-640x960.png in Resources */ = {isa = PBXBuildFile; fileRef = 85EDCAEC18C6DED7006133FD /* movieMontage-640x960.png */; };
		A5DF858318C0FE8300F16C87 /* Movie.m in Sources */ = {isa = PBXBuildFile; fileRef = A5DF858218C0FE8300F16C87 /* Movie.m */; };
		A5DF858C18C118F300F16C87 /* MovieCollectionViewCell.m in Sources */ = {isa = PBXBuildFile; fileRef = A5DF858B18C118F300F16C87 /* MovieCollectionViewCell.m */; };
/* End PBXBuildFile section */

/* Begin PBXContainerItemProxy section */
		3A6E833218BEBD0100F7210C /* PBXContainerItemProxy */ = {
			isa = PBXContainerItemProxy;
			containerPortal = 3A6E830418BEBD0100F7210C /* Project object */;
			proxyType = 1;
			remoteGlobalIDString = 3A6E830B18BEBD0100F7210C;
			remoteInfo = DVDLibrary;
		};
/* End PBXContainerItemProxy section */

/* Begin PBXFileReference section */
		3A349AD318C2657E007759CE /* MovieData.h */ = {isa = PBXFileReference; fileEncoding = 4; lastKnownFileType = sourcecode.c.h; path = MovieData.h; sourceTree = "<group>"; };
		3A349AD418C2657E007759CE /* MovieData.m */ = {isa = PBXFileReference; fileEncoding = 4; lastKnownFileType = sourcecode.c.objc; path = MovieData.m; sourceTree = "<group>"; };
		3A349AD618C28278007759CE /* SuggestionViewController.h */ = {isa = PBXFileReference; fileEncoding = 4; lastKnownFileType = sourcecode.c.h; path = SuggestionViewController.h; sourceTree = "<group>"; };
		3A349AD718C28278007759CE /* SuggestionViewController.m */ = {isa = PBXFileReference; fileEncoding = 4; lastKnownFileType = sourcecode.c.objc; path = SuggestionViewController.m; sourceTree = "<group>"; };
		3A49ABB918C3E444004B0068 /* home-32.png */ = {isa = PBXFileReference; lastKnownFileType = image.png; path = "home-32.png"; sourceTree = "<group>"; };
		3A49ABBD18C3E4C3004B0068 /* barcode-32.png */ = {isa = PBXFileReference; lastKnownFileType = image.png; path = "barcode-32.png"; sourceTree = "<group>"; };
		3A49ABC318C3E622004B0068 /* list_ingredients-32.png */ = {isa = PBXFileReference; lastKnownFileType = image.png; path = "list_ingredients-32.png"; sourceTree = "<group>"; };
		3A49ABC518C3E632004B0068 /* grid-26.png */ = {isa = PBXFileReference; lastKnownFileType = image.png; path = "grid-26.png"; sourceTree = "<group>"; };
		3A49ABCD18C3E7E2004B0068 /* slot_machine-32.png */ = {isa = PBXFileReference; lastKnownFileType = image.png; path = "slot_machine-32.png"; sourceTree = "<group>"; };
		3A49ABCF18C3ECB6004B0068 /* list-26.png */ = {isa = PBXFileReference; lastKnownFileType = image.png; path = "list-26.png"; sourceTree = "<group>"; };
		3A49ABD118C3FE86004B0068 /* DetailViewController.h */ = {isa = PBXFileReference; fileEncoding = 4; lastKnownFileType = sourcecode.c.h; path = DetailViewController.h; sourceTree = "<group>"; };
		3A49ABD218C3FE86004B0068 /* DetailViewController.m */ = {isa = PBXFileReference; fileEncoding = 4; lastKnownFileType = sourcecode.c.objc; path = DetailViewController.m; sourceTree = "<group>"; };
		3A6E830C18BEBD0100F7210C /* DVDLibrary.app */ = {isa = PBXFileReference; explicitFileType = wrapper.application; includeInIndex = 0; path = DVDLibrary.app; sourceTree = BUILT_PRODUCTS_DIR; };
		3A6E830F18BEBD0100F7210C /* Foundation.framework */ = {isa = PBXFileReference; lastKnownFileType = wrapper.framework; name = Foundation.framework; path = System/Library/Frameworks/Foundation.framework; sourceTree = SDKROOT; };
		3A6E831118BEBD0100F7210C /* CoreGraphics.framework */ = {isa = PBXFileReference; lastKnownFileType = wrapper.framework; name = CoreGraphics.framework; path = System/Library/Frameworks/CoreGraphics.framework; sourceTree = SDKROOT; };
		3A6E831318BEBD0100F7210C /* UIKit.framework */ = {isa = PBXFileReference; lastKnownFileType = wrapper.framework; name = UIKit.framework; path = System/Library/Frameworks/UIKit.framework; sourceTree = SDKROOT; };
		3A6E831718BEBD0100F7210C /* DVDLibrary-Info.plist */ = {isa = PBXFileReference; lastKnownFileType = text.plist.xml; path = "DVDLibrary-Info.plist"; sourceTree = "<group>"; };
		3A6E831918BEBD0100F7210C /* en */ = {isa = PBXFileReference; lastKnownFileType = text.plist.strings; name = en; path = en.lproj/InfoPlist.strings; sourceTree = "<group>"; };
		3A6E831B18BEBD0100F7210C /* main.m */ = {isa = PBXFileReference; lastKnownFileType = sourcecode.c.objc; path = main.m; sourceTree = "<group>"; };
		3A6E831D18BEBD0100F7210C /* DVDLibrary-Prefix.pch */ = {isa = PBXFileReference; lastKnownFileType = sourcecode.c.h; path = "DVDLibrary-Prefix.pch"; sourceTree = "<group>"; };
		3A6E831E18BEBD0100F7210C /* AppDelegate.h */ = {isa = PBXFileReference; lastKnownFileType = sourcecode.c.h; path = AppDelegate.h; sourceTree = "<group>"; };
		3A6E831F18BEBD0100F7210C /* AppDelegate.m */ = {isa = PBXFileReference; lastKnownFileType = sourcecode.c.objc; path = AppDelegate.m; sourceTree = "<group>"; };
		3A6E832218BEBD0100F7210C /* Base */ = {isa = PBXFileReference; lastKnownFileType = file.storyboard; name = Base; path = Base.lproj/Main.storyboard; sourceTree = "<group>"; };
		3A6E832718BEBD0100F7210C /* Images.xcassets */ = {isa = PBXFileReference; lastKnownFileType = folder.assetcatalog; path = Images.xcassets; sourceTree = "<group>"; };
		3A6E832D18BEBD0100F7210C /* DVDLibraryTests.xctest */ = {isa = PBXFileReference; explicitFileType = wrapper.cfbundle; includeInIndex = 0; path = DVDLibraryTests.xctest; sourceTree = BUILT_PRODUCTS_DIR; };
		3A6E832E18BEBD0100F7210C /* XCTest.framework */ = {isa = PBXFileReference; lastKnownFileType = wrapper.framework; name = XCTest.framework; path = Library/Frameworks/XCTest.framework; sourceTree = DEVELOPER_DIR; };
		3A6E833618BEBD0100F7210C /* DVDLibraryTests-Info.plist */ = {isa = PBXFileReference; lastKnownFileType = text.plist.xml; path = "DVDLibraryTests-Info.plist"; sourceTree = "<group>"; };
		3A6E833818BEBD0100F7210C /* en */ = {isa = PBXFileReference; lastKnownFileType = text.plist.strings; name = en; path = en.lproj/InfoPlist.strings; sourceTree = "<group>"; };
		3A6E833A18BEBD0100F7210C /* DVDLibraryTests.m */ = {isa = PBXFileReference; lastKnownFileType = sourcecode.c.objc; path = DVDLibraryTests.m; sourceTree = "<group>"; };
		3A8597F318C3A4EC000A918E /* MovieCollectionViewController.h */ = {isa = PBXFileReference; fileEncoding = 4; lastKnownFileType = sourcecode.c.h; path = MovieCollectionViewController.h; sourceTree = "<group>"; };
		3A8597F418C3A4EC000A918E /* MovieCollectionViewController.m */ = {isa = PBXFileReference; fileEncoding = 4; lastKnownFileType = sourcecode.c.objc; path = MovieCollectionViewController.m; sourceTree = "<group>"; };
		3A92B81718C306FC00F20F41 /* LibraryViewController.h */ = {isa = PBXFileReference; fileEncoding = 4; lastKnownFileType = sourcecode.c.h; path = LibraryViewController.h; sourceTree = "<group>"; };
		3A92B81818C306FC00F20F41 /* LibraryViewController.m */ = {isa = PBXFileReference; fileEncoding = 4; lastKnownFileType = sourcecode.c.objc; path = LibraryViewController.m; sourceTree = "<group>"; };
		3ABBC8CD18C023BA005EFF0E /* MovieTableViewCell.m */ = {isa = PBXFileReference; fileEncoding = 4; lastKnownFileType = sourcecode.c.objc; name = MovieTableViewCell.m; path = DVDLibrary/UI/MovieTableViewCell.m; sourceTree = SOURCE_ROOT; };
		3AEDE90B18C2C174001C235C /* MovieTableViewController.h */ = {isa = PBXFileReference; fileEncoding = 4; lastKnownFileType = sourcecode.c.h; path = MovieTableViewController.h; sourceTree = "<group>"; };
		3AEDE90C18C2C174001C235C /* MovieTableViewController.m */ = {isa = PBXFileReference; fileEncoding = 4; lastKnownFileType = sourcecode.c.objc; path = MovieTableViewController.m; sourceTree = "<group>"; };
		85EDCAD718C6CBA7006133FD /* SearchViewController.h */ = {isa = PBXFileReference; fileEncoding = 4; lastKnownFileType = sourcecode.c.h; path = SearchViewController.h; sourceTree = "<group>"; };
		85EDCAD818C6CBA7006133FD /* SearchViewController.m */ = {isa = PBXFileReference; fileEncoding = 4; lastKnownFileType = sourcecode.c.objc; path = SearchViewController.m; sourceTree = "<group>"; };
		85EDCADC18C6D06D006133FD /* Settings.bundle */ = {isa = PBXFileReference; lastKnownFileType = "wrapper.plug-in"; path = Settings.bundle; sourceTree = "<group>"; };
		85EDCAE218C6DD2E006133FD /* movieIcon-58x58.png */ = {isa = PBXFileReference; lastKnownFileType = image.png; path = "movieIcon-58x58.png"; sourceTree = "<group>"; };
		85EDCAE318C6DD2E006133FD /* movieIcon-80x80.png */ = {isa = PBXFileReference; lastKnownFileType = image.png; path = "movieIcon-80x80.png"; sourceTree = "<group>"; };
		85EDCAE418C6DD2E006133FD /* movieIcon.png */ = {isa = PBXFileReference; lastKnownFileType = image.png; path = movieIcon.png; sourceTree = "<group>"; };
		85EDCAE818C6DD92006133FD /* movieMontage.png */ = {isa = PBXFileReference; lastKnownFileType = image.png; path = movieMontage.png; sourceTree = "<group>"; };
		85EDCAEC18C6DED7006133FD /* movieMontage-640x960.png */ = {isa = PBXFileReference; lastKnownFileType = image.png; name = "movieMontage-640x960.png"; path = "../../movieMontage-640x960.png"; sourceTree = "<group>"; };
		A5DF858018C0FE5000F16C87 /* MovieTableViewCell.h */ = {isa = PBXFileReference; fileEncoding = 4; lastKnownFileType = sourcecode.c.h; path = MovieTableViewCell.h; sourceTree = "<group>"; };
		A5DF858118C0FE8300F16C87 /* Movie.h */ = {isa = PBXFileReference; fileEncoding = 4; lastKnownFileType = sourcecode.c.h; path = Movie.h; sourceTree = "<group>"; };
		A5DF858218C0FE8300F16C87 /* Movie.m */ = {isa = PBXFileReference; fileEncoding = 4; lastKnownFileType = sourcecode.c.objc; path = Movie.m; sourceTree = "<group>"; };
		A5DF858A18C118F300F16C87 /* MovieCollectionViewCell.h */ = {isa = PBXFileReference; fileEncoding = 4; lastKnownFileType = sourcecode.c.h; path = MovieCollectionViewCell.h; sourceTree = "<group>"; };
		A5DF858B18C118F300F16C87 /* MovieCollectionViewCell.m */ = {isa = PBXFileReference; fileEncoding = 4; lastKnownFileType = sourcecode.c.objc; path = MovieCollectionViewCell.m; sourceTree = "<group>"; };
/* End PBXFileReference section */

/* Begin PBXFrameworksBuildPhase section */
		3A6E830918BEBD0100F7210C /* Frameworks */ = {
			isa = PBXFrameworksBuildPhase;
			buildActionMask = 2147483647;
			files = (
				3A6E831218BEBD0100F7210C /* CoreGraphics.framework in Frameworks */,
				3A6E831418BEBD0100F7210C /* UIKit.framework in Frameworks */,
				3A6E831018BEBD0100F7210C /* Foundation.framework in Frameworks */,
			);
			runOnlyForDeploymentPostprocessing = 0;
		};
		3A6E832A18BEBD0100F7210C /* Frameworks */ = {
			isa = PBXFrameworksBuildPhase;
			buildActionMask = 2147483647;
			files = (
				3A6E832F18BEBD0100F7210C /* XCTest.framework in Frameworks */,
				3A6E833118BEBD0100F7210C /* UIKit.framework in Frameworks */,
				3A6E833018BEBD0100F7210C /* Foundation.framework in Frameworks */,
			);
			runOnlyForDeploymentPostprocessing = 0;
		};
/* End PBXFrameworksBuildPhase section */

/* Begin PBXGroup section */
		3A49ABB618C3E3EE004B0068 /* Icons */ = {
			isa = PBXGroup;
			children = (
				85EDCAEC18C6DED7006133FD /* movieMontage-640x960.png */,
				85EDCAE818C6DD92006133FD /* movieMontage.png */,
				85EDCAE218C6DD2E006133FD /* movieIcon-58x58.png */,
				85EDCAE318C6DD2E006133FD /* movieIcon-80x80.png */,
				85EDCAE418C6DD2E006133FD /* movieIcon.png */,
				3A49ABBD18C3E4C3004B0068 /* barcode-32.png */,
				3A49ABCF18C3ECB6004B0068 /* list-26.png */,
				3A49ABCD18C3E7E2004B0068 /* slot_machine-32.png */,
				3A49ABC518C3E632004B0068 /* grid-26.png */,
				3A49ABC318C3E622004B0068 /* list_ingredients-32.png */,
				3A49ABB918C3E444004B0068 /* home-32.png */,
			);
			path = Icons;
			sourceTree = "<group>";
		};
		3A6E830318BEBD0100F7210C = {
			isa = PBXGroup;
			children = (
				3A6E831518BEBD0100F7210C /* DVDLibrary */,
				3A6E833418BEBD0100F7210C /* DVDLibraryTests */,
				3A6E830E18BEBD0100F7210C /* Frameworks */,
				3A6E830D18BEBD0100F7210C /* Products */,
			);
			sourceTree = "<group>";
		};
		3A6E830D18BEBD0100F7210C /* Products */ = {
			isa = PBXGroup;
			children = (
				3A6E830C18BEBD0100F7210C /* DVDLibrary.app */,
				3A6E832D18BEBD0100F7210C /* DVDLibraryTests.xctest */,
			);
			name = Products;
			sourceTree = "<group>";
		};
		3A6E830E18BEBD0100F7210C /* Frameworks */ = {
			isa = PBXGroup;
			children = (
				3A6E830F18BEBD0100F7210C /* Foundation.framework */,
				3A6E831118BEBD0100F7210C /* CoreGraphics.framework */,
				3A6E831318BEBD0100F7210C /* UIKit.framework */,
				3A6E832E18BEBD0100F7210C /* XCTest.framework */,
			);
			name = Frameworks;
			sourceTree = "<group>";
		};
		3A6E831518BEBD0100F7210C /* DVDLibrary */ = {
			isa = PBXGroup;
			children = (
				3A6E832118BEBD0100F7210C /* Main.storyboard */,
				A5DF857718C0FBC400F16C87 /* Controllers */,
				A5DF857618C0FB9E00F16C87 /* Model */,
				A5DF857518C0FB7200F16C87 /* UI */,
				3A6E831E18BEBD0100F7210C /* AppDelegate.h */,
				3A6E831F18BEBD0100F7210C /* AppDelegate.m */,
				3A6E832718BEBD0100F7210C /* Images.xcassets */,
				3A6E831618BEBD0100F7210C /* Supporting Files */,
			);
			path = DVDLibrary;
			sourceTree = "<group>";
		};
		3A6E831618BEBD0100F7210C /* Supporting Files */ = {
			isa = PBXGroup;
			children = (
				85EDCADC18C6D06D006133FD /* Settings.bundle */,
				3A49ABB618C3E3EE004B0068 /* Icons */,
				3A6E831718BEBD0100F7210C /* DVDLibrary-Info.plist */,
				3A6E831818BEBD0100F7210C /* InfoPlist.strings */,
				3A6E831B18BEBD0100F7210C /* main.m */,
				3A6E831D18BEBD0100F7210C /* DVDLibrary-Prefix.pch */,
			);
			name = "Supporting Files";
			sourceTree = "<group>";
		};
		3A6E833418BEBD0100F7210C /* DVDLibraryTests */ = {
			isa = PBXGroup;
			children = (
				3A6E833A18BEBD0100F7210C /* DVDLibraryTests.m */,
				3A6E833518BEBD0100F7210C /* Supporting Files */,
			);
			path = DVDLibraryTests;
			sourceTree = "<group>";
		};
		3A6E833518BEBD0100F7210C /* Supporting Files */ = {
			isa = PBXGroup;
			children = (
				3A6E833618BEBD0100F7210C /* DVDLibraryTests-Info.plist */,
				3A6E833718BEBD0100F7210C /* InfoPlist.strings */,
			);
			name = "Supporting Files";
			sourceTree = "<group>";
		};
		A5DF857518C0FB7200F16C87 /* UI */ = {
			isa = PBXGroup;
			children = (
				A5DF858018C0FE5000F16C87 /* MovieTableViewCell.h */,
				3ABBC8CD18C023BA005EFF0E /* MovieTableViewCell.m */,
				A5DF858A18C118F300F16C87 /* MovieCollectionViewCell.h */,
				A5DF858B18C118F300F16C87 /* MovieCollectionViewCell.m */,
			);
			path = UI;
			sourceTree = "<group>";
		};
		A5DF857618C0FB9E00F16C87 /* Model */ = {
			isa = PBXGroup;
			children = (
				A5DF858118C0FE8300F16C87 /* Movie.h */,
				A5DF858218C0FE8300F16C87 /* Movie.m */,
				3A349AD318C2657E007759CE /* MovieData.h */,
				3A349AD418C2657E007759CE /* MovieData.m */,
			);
			path = Model;
			sourceTree = "<group>";
		};
		A5DF857718C0FBC400F16C87 /* Controllers */ = {
			isa = PBXGroup;
			children = (
				3AEDE90B18C2C174001C235C /* MovieTableViewController.h */,
				3AEDE90C18C2C174001C235C /* MovieTableViewController.m */,
				3A49ABD118C3FE86004B0068 /* DetailViewController.h */,
				3A49ABD218C3FE86004B0068 /* DetailViewController.m */,
				3A8597F318C3A4EC000A918E /* MovieCollectionViewController.h */,
				3A8597F418C3A4EC000A918E /* MovieCollectionViewController.m */,
				3A92B81718C306FC00F20F41 /* LibraryViewController.h */,
				3A92B81818C306FC00F20F41 /* LibraryViewController.m */,
				3A349AD618C28278007759CE /* SuggestionViewController.h */,
				3A349AD718C28278007759CE /* SuggestionViewController.m */,
				85EDCAD718C6CBA7006133FD /* SearchViewController.h */,
				85EDCAD818C6CBA7006133FD /* SearchViewController.m */,
			);
			path = Controllers;
			sourceTree = "<group>";
		};
/* End PBXGroup section */

/* Begin PBXNativeTarget section */
		3A6E830B18BEBD0100F7210C /* DVDLibrary */ = {
			isa = PBXNativeTarget;
			buildConfigurationList = 3A6E833E18BEBD0100F7210C /* Build configuration list for PBXNativeTarget "DVDLibrary" */;
			buildPhases = (
				3A6E830818BEBD0100F7210C /* Sources */,
				3A6E830918BEBD0100F7210C /* Frameworks */,
				3A6E830A18BEBD0100F7210C /* Resources */,
			);
			buildRules = (
			);
			dependencies = (
			);
			name = DVDLibrary;
			productName = DVDLibrary;
			productReference = 3A6E830C18BEBD0100F7210C /* DVDLibrary.app */;
			productType = "com.apple.product-type.application";
		};
		3A6E832C18BEBD0100F7210C /* DVDLibraryTests */ = {
			isa = PBXNativeTarget;
			buildConfigurationList = 3A6E834118BEBD0100F7210C /* Build configuration list for PBXNativeTarget "DVDLibraryTests" */;
			buildPhases = (
				3A6E832918BEBD0100F7210C /* Sources */,
				3A6E832A18BEBD0100F7210C /* Frameworks */,
				3A6E832B18BEBD0100F7210C /* Resources */,
			);
			buildRules = (
			);
			dependencies = (
				3A6E833318BEBD0100F7210C /* PBXTargetDependency */,
			);
			name = DVDLibraryTests;
			productName = DVDLibraryTests;
			productReference = 3A6E832D18BEBD0100F7210C /* DVDLibraryTests.xctest */;
			productType = "com.apple.product-type.bundle.unit-test";
		};
/* End PBXNativeTarget section */

/* Begin PBXProject section */
		3A6E830418BEBD0100F7210C /* Project object */ = {
			isa = PBXProject;
			attributes = {
				LastUpgradeCheck = 0500;
				ORGANIZATIONNAME = Ming;
				TargetAttributes = {
					3A6E832C18BEBD0100F7210C = {
						TestTargetID = 3A6E830B18BEBD0100F7210C;
					};
				};
			};
			buildConfigurationList = 3A6E830718BEBD0100F7210C /* Build configuration list for PBXProject "DVDLibrary" */;
			compatibilityVersion = "Xcode 3.2";
			developmentRegion = English;
			hasScannedForEncodings = 0;
			knownRegions = (
				en,
				Base,
			);
			mainGroup = 3A6E830318BEBD0100F7210C;
			productRefGroup = 3A6E830D18BEBD0100F7210C /* Products */;
			projectDirPath = "";
			projectRoot = "";
			targets = (
				3A6E830B18BEBD0100F7210C /* DVDLibrary */,
				3A6E832C18BEBD0100F7210C /* DVDLibraryTests */,
			);
		};
/* End PBXProject section */

/* Begin PBXResourcesBuildPhase section */
		3A6E830A18BEBD0100F7210C /* Resources */ = {
			isa = PBXResourcesBuildPhase;
			buildActionMask = 2147483647;
			files = (
				85EDCAE618C6DD2E006133FD /* movieIcon-80x80.png in Resources */,
				3A49ABBA18C3E444004B0068 /* home-32.png in Resources */,
				3A6E832818BEBD0100F7210C /* Images.xcassets in Resources */,
				85EDCADD18C6D06D006133FD /* Settings.bundle in Resources */,
				3A49ABBE18C3E4C3004B0068 /* barcode-32.png in Resources */,
				3A49ABC618C3E632004B0068 /* grid-26.png in Resources */,
				3A49ABD018C3ECB6004B0068 /* list-26.png in Resources */,
				3A49ABC418C3E622004B0068 /* list_ingredients-32.png in Resources */,
				85EDCAE918C6DD92006133FD /* movieMontage.png in Resources */,
				3A6E831A18BEBD0100F7210C /* InfoPlist.strings in Resources */,
				3A49ABCE18C3E7E2004B0068 /* slot_machine-32.png in Resources */,
				85EDCAE518C6DD2E006133FD /* movieIcon-58x58.png in Resources */,
				85EDCAE718C6DD2E006133FD /* movieIcon.png in Resources */,
				3A6E832318BEBD0100F7210C /* Main.storyboard in Resources */,
				85EDCAED18C6DED7006133FD /* movieMontage-640x960.png in Resources */,
			);
			runOnlyForDeploymentPostprocessing = 0;
		};
		3A6E832B18BEBD0100F7210C /* Resources */ = {
			isa = PBXResourcesBuildPhase;
			buildActionMask = 2147483647;
			files = (
				3A6E833918BEBD0100F7210C /* InfoPlist.strings in Resources */,
			);
			runOnlyForDeploymentPostprocessing = 0;
		};
/* End PBXResourcesBuildPhase section */

/* Begin PBXSourcesBuildPhase section */
		3A6E830818BEBD0100F7210C /* Sources */ = {
			isa = PBXSourcesBuildPhase;
			buildActionMask = 2147483647;
			files = (
				3A92B81918C306FC00F20F41 /* LibraryViewController.m in Sources */,
				3A349AD518C2657E007759CE /* MovieData.m in Sources */,
				3AEDE90D18C2C174001C235C /* MovieTableViewController.m in Sources */,
				3A6E832018BEBD0100F7210C /* AppDelegate.m in Sources */,
				3ABBC8CE18C023BA005EFF0E /* MovieTableViewCell.m in Sources */,
				A5DF858318C0FE8300F16C87 /* Movie.m in Sources */,
				3A8597F518C3A4EC000A918E /* MovieCollectionViewController.m in Sources */,
				3A49ABD318C3FE86004B0068 /* DetailViewController.m in Sources */,
				3A349AD818C28278007759CE /* SuggestionViewController.m in Sources */,
				3A6E831C18BEBD0100F7210C /* main.m in Sources */,
				85EDCAD918C6CBA7006133FD /* SearchViewController.m in Sources */,
				A5DF858C18C118F300F16C87 /* MovieCollectionViewCell.m in Sources */,
			);
			runOnlyForDeploymentPostprocessing = 0;
		};
		3A6E832918BEBD0100F7210C /* Sources */ = {
			isa = PBXSourcesBuildPhase;
			buildActionMask = 2147483647;
			files = (
				3A6E833B18BEBD0100F7210C /* DVDLibraryTests.m in Sources */,
			);
			runOnlyForDeploymentPostprocessing = 0;
		};
/* End PBXSourcesBuildPhase section */

/* Begin PBXTargetDependency section */
		3A6E833318BEBD0100F7210C /* PBXTargetDependency */ = {
			isa = PBXTargetDependency;
			target = 3A6E830B18BEBD0100F7210C /* DVDLibrary */;
			targetProxy = 3A6E833218BEBD0100F7210C /* PBXContainerItemProxy */;
		};
/* End PBXTargetDependency section */

/* Begin PBXVariantGroup section */
		3A6E831818BEBD0100F7210C /* InfoPlist.strings */ = {
			isa = PBXVariantGroup;
			children = (
				3A6E831918BEBD0100F7210C /* en */,
			);
			name = InfoPlist.strings;
			sourceTree = "<group>";
		};
		3A6E832118BEBD0100F7210C /* Main.storyboard */ = {
			isa = PBXVariantGroup;
			children = (
				3A6E832218BEBD0100F7210C /* Base */,
			);
			name = Main.storyboard;
			sourceTree = "<group>";
		};
		3A6E833718BEBD0100F7210C /* InfoPlist.strings */ = {
			isa = PBXVariantGroup;
			children = (
				3A6E833818BEBD0100F7210C /* en */,
			);
			name = InfoPlist.strings;
			sourceTree = "<group>";
		};
/* End PBXVariantGroup section */

/* Begin XCBuildConfiguration section */
		3A6E833C18BEBD0100F7210C /* Debug */ = {
			isa = XCBuildConfiguration;
			buildSettings = {
				ALWAYS_SEARCH_USER_PATHS = NO;
				ARCHS = "$(ARCHS_STANDARD_INCLUDING_64_BIT)";
				CLANG_CXX_LANGUAGE_STANDARD = "gnu++0x";
				CLANG_CXX_LIBRARY = "libc++";
				CLANG_ENABLE_MODULES = YES;
				CLANG_ENABLE_OBJC_ARC = YES;
				CLANG_WARN_BOOL_CONVERSION = YES;
				CLANG_WARN_CONSTANT_CONVERSION = YES;
				CLANG_WARN_DIRECT_OBJC_ISA_USAGE = YES_ERROR;
				CLANG_WARN_EMPTY_BODY = YES;
				CLANG_WARN_ENUM_CONVERSION = YES;
				CLANG_WARN_INT_CONVERSION = YES;
				CLANG_WARN_OBJC_ROOT_CLASS = YES_ERROR;
				CLANG_WARN__DUPLICATE_METHOD_MATCH = YES;
				"CODE_SIGN_IDENTITY[sdk=iphoneos*]" = "iPhone Developer";
				COPY_PHASE_STRIP = NO;
				GCC_C_LANGUAGE_STANDARD = gnu99;
				GCC_DYNAMIC_NO_PIC = NO;
				GCC_OPTIMIZATION_LEVEL = 0;
				GCC_PREPROCESSOR_DEFINITIONS = (
					"DEBUG=1",
					"$(inherited)",
				);
				GCC_SYMBOLS_PRIVATE_EXTERN = NO;
				GCC_WARN_64_TO_32_BIT_CONVERSION = YES;
				GCC_WARN_ABOUT_RETURN_TYPE = YES_ERROR;
				GCC_WARN_UNDECLARED_SELECTOR = YES;
				GCC_WARN_UNINITIALIZED_AUTOS = YES;
				GCC_WARN_UNUSED_FUNCTION = YES;
				GCC_WARN_UNUSED_VARIABLE = YES;
				IPHONEOS_DEPLOYMENT_TARGET = 7.0;
				ONLY_ACTIVE_ARCH = YES;
				SDKROOT = iphoneos;
			};
			name = Debug;
		};
		3A6E833D18BEBD0100F7210C /* Release */ = {
			isa = XCBuildConfiguration;
			buildSettings = {
				ALWAYS_SEARCH_USER_PATHS = NO;
				ARCHS = "$(ARCHS_STANDARD_INCLUDING_64_BIT)";
				CLANG_CXX_LANGUAGE_STANDARD = "gnu++0x";
				CLANG_CXX_LIBRARY = "libc++";
				CLANG_ENABLE_MODULES = YES;
				CLANG_ENABLE_OBJC_ARC = YES;
				CLANG_WARN_BOOL_CONVERSION = YES;
				CLANG_WARN_CONSTANT_CONVERSION = YES;
				CLANG_WARN_DIRECT_OBJC_ISA_USAGE = YES_ERROR;
				CLANG_WARN_EMPTY_BODY = YES;
				CLANG_WARN_ENUM_CONVERSION = YES;
				CLANG_WARN_INT_CONVERSION = YES;
				CLANG_WARN_OBJC_ROOT_CLASS = YES_ERROR;
				CLANG_WARN__DUPLICATE_METHOD_MATCH = YES;
				"CODE_SIGN_IDENTITY[sdk=iphoneos*]" = "iPhone Developer";
				COPY_PHASE_STRIP = YES;
				ENABLE_NS_ASSERTIONS = NO;
				GCC_C_LANGUAGE_STANDARD = gnu99;
				GCC_WARN_64_TO_32_BIT_CONVERSION = YES;
				GCC_WARN_ABOUT_RETURN_TYPE = YES_ERROR;
				GCC_WARN_UNDECLARED_SELECTOR = YES;
				GCC_WARN_UNINITIALIZED_AUTOS = YES;
				GCC_WARN_UNUSED_FUNCTION = YES;
				GCC_WARN_UNUSED_VARIABLE = YES;
				IPHONEOS_DEPLOYMENT_TARGET = 7.0;
				SDKROOT = iphoneos;
				VALIDATE_PRODUCT = YES;
			};
			name = Release;
		};
		3A6E833F18BEBD0100F7210C /* Debug */ = {
			isa = XCBuildConfiguration;
			buildSettings = {
				ASSETCATALOG_COMPILER_APPICON_NAME = AppIcon;
				ASSETCATALOG_COMPILER_LAUNCHIMAGE_NAME = LaunchImage;
				GCC_PRECOMPILE_PREFIX_HEADER = YES;
				GCC_PREFIX_HEADER = "DVDLibrary/DVDLibrary-Prefix.pch";
				INFOPLIST_FILE = "DVDLibrary/DVDLibrary-Info.plist";
				PRODUCT_NAME = "$(TARGET_NAME)";
				WRAPPER_EXTENSION = app;
			};
			name = Debug;
		};
		3A6E834018BEBD0100F7210C /* Release */ = {
			isa = XCBuildConfiguration;
			buildSettings = {
				ASSETCATALOG_COMPILER_APPICON_NAME = AppIcon;
				ASSETCATALOG_COMPILER_LAUNCHIMAGE_NAME = LaunchImage;
				GCC_PRECOMPILE_PREFIX_HEADER = YES;
				GCC_PREFIX_HEADER = "DVDLibrary/DVDLibrary-Prefix.pch";
				INFOPLIST_FILE = "DVDLibrary/DVDLibrary-Info.plist";
				PRODUCT_NAME = "$(TARGET_NAME)";
				WRAPPER_EXTENSION = app;
			};
			name = Release;
		};
		3A6E834218BEBD0100F7210C /* Debug */ = {
			isa = XCBuildConfiguration;
			buildSettings = {
				ARCHS = "$(ARCHS_STANDARD_INCLUDING_64_BIT)";
				BUNDLE_LOADER = "$(BUILT_PRODUCTS_DIR)/DVDLibrary.app/DVDLibrary";
				FRAMEWORK_SEARCH_PATHS = (
					"$(SDKROOT)/Developer/Library/Frameworks",
					"$(inherited)",
					"$(DEVELOPER_FRAMEWORKS_DIR)",
				);
				GCC_PRECOMPILE_PREFIX_HEADER = YES;
				GCC_PREFIX_HEADER = "DVDLibrary/DVDLibrary-Prefix.pch";
				GCC_PREPROCESSOR_DEFINITIONS = (
					"DEBUG=1",
					"$(inherited)",
				);
				INFOPLIST_FILE = "DVDLibraryTests/DVDLibraryTests-Info.plist";
				PRODUCT_NAME = "$(TARGET_NAME)";
				TEST_HOST = "$(BUNDLE_LOADER)";
				WRAPPER_EXTENSION = xctest;
			};
			name = Debug;
		};
		3A6E834318BEBD0100F7210C /* Release */ = {
			isa = XCBuildConfiguration;
			buildSettings = {
				ARCHS = "$(ARCHS_STANDARD_INCLUDING_64_BIT)";
				BUNDLE_LOADER = "$(BUILT_PRODUCTS_DIR)/DVDLibrary.app/DVDLibrary";
				FRAMEWORK_SEARCH_PATHS = (
					"$(SDKROOT)/Developer/Library/Frameworks",
					"$(inherited)",
					"$(DEVELOPER_FRAMEWORKS_DIR)",
				);
				GCC_PRECOMPILE_PREFIX_HEADER = YES;
				GCC_PREFIX_HEADER = "DVDLibrary/DVDLibrary-Prefix.pch";
				INFOPLIST_FILE = "DVDLibraryTests/DVDLibraryTests-Info.plist";
				PRODUCT_NAME = "$(TARGET_NAME)";
				TEST_HOST = "$(BUNDLE_LOADER)";
				WRAPPER_EXTENSION = xctest;
			};
			name = Release;
		};
/* End XCBuildConfiguration section */

/* Begin XCConfigurationList section */
		3A6E830718BEBD0100F7210C /* Build configuration list for PBXProject "DVDLibrary" */ = {
			isa = XCConfigurationList;
			buildConfigurations = (
				3A6E833C18BEBD0100F7210C /* Debug */,
				3A6E833D18BEBD0100F7210C /* Release */,
			);
			defaultConfigurationIsVisible = 0;
			defaultConfigurationName = Release;
		};
		3A6E833E18BEBD0100F7210C /* Build configuration list for PBXNativeTarget "DVDLibrary" */ = {
			isa = XCConfigurationList;
			buildConfigurations = (
				3A6E833F18BEBD0100F7210C /* Debug */,
				3A6E834018BEBD0100F7210C /* Release */,
			);
			defaultConfigurationIsVisible = 0;
			defaultConfigurationName = Release;
		};
		3A6E834118BEBD0100F7210C /* Build configuration list for PBXNativeTarget "DVDLibraryTests" */ = {
			isa = XCConfigurationList;
			buildConfigurations = (
				3A6E834218BEBD0100F7210C /* Debug */,
				3A6E834318BEBD0100F7210C /* Release */,
			);
			defaultConfigurationIsVisible = 0;
			defaultConfigurationName = Release;
		};
/* End XCConfigurationList section */
	};
	rootObject = 3A6E830418BEBD0100F7210C /* Project object */;
}
